
Microsoft Visual Studio Solution File, Format Version 12.00
# Visual Studio 2012
Project("{8BC9CEB8-8B4A-11D0-8D11-00A0C91BC942}") = "timewhale", "proj\timewhale_directx\timewhale.vcxproj", "{CF414564-0E9C-4DA2-B361-C4643CFA07D9}"
EndProject
Project("{8BC9CEB8-8B4A-11D0-8D11-00A0C91BC942}") = "timewhale_test", "proj\timewhale_test\timewhale_test.vcxproj", "{8B830EA2-BE89-4E63-A9E0-9D9B79936372}"
EndProject
Global
	GlobalSection(SolutionConfigurationPlatforms) = preSolution
		Debug|Win32 = Debug|Win32
		Release|Win32 = Release|Win32
	EndGlobalSection
	GlobalSection(ProjectConfigurationPlatforms) = postSolution
		{CF414564-0E9C-4DA2-B361-C4643CFA07D9}.Debug|Win32.ActiveCfg = Debug|Win32
		{CF414564-0E9C-4DA2-B361-C4643CFA07D9}.Debug|Win32.Build.0 = Debug|Win32
		{CF414564-0E9C-4DA2-B361-C4643CFA07D9}.Release|Win32.ActiveCfg = Release|Win32
		{CF414564-0E9C-4DA2-B361-C4643CFA07D9}.Release|Win32.Build.0 = Release|Win32
		{8B830EA2-BE89-4E63-A9E0-9D9B79936372}.Debug|Win32.ActiveCfg = Debug|Win32
		{8B830EA2-BE89-4E63-A9E0-9D9B79936372}.Debug|Win32.Build.0 = Debug|Win32
		{8B830EA2-BE89-4E63-A9E0-9D9B79936372}.Release|Win32.ActiveCfg = Release|Win32
		{8B830EA2-BE89-4E63-A9E0-9D9B79936372}.Release|Win32.Build.0 = Release|Win32
	EndGlobalSection
	GlobalSection(SolutionProperties) = preSolution
		HideSolutionNode = FALSE
	EndGlobalSection
EndGlobal
